// !$*UTF8*$!
{
	archiveVersion = 1;
	classes = {
	};
	objectVersion = 50;
	objects = {

/* Begin PBXBuildFile section */
		56C5AB1921D67C0F003B429A /* main.cpp in Sources */ = {isa = PBXBuildFile; fileRef = 56C5AB1821D67C0F003B429A /* main.cpp */; };
		56C5AB3B21D6973F003B429A /* Student.cpp in Sources */ = {isa = PBXBuildFile; fileRef = 56C5AB3921D6973F003B429A /* Student.cpp */; };
/* End PBXBuildFile section */

/* Begin PBXCopyFilesBuildPhase section */
		56C5AB1321D67C0F003B429A /* CopyFiles */ = {
			isa = PBXCopyFilesBuildPhase;
			buildActionMask = 2147483647;
			dstPath = /usr/share/man/man1/;
			dstSubfolderSpec = 0;
			files = (
			);
			runOnlyForDeploymentPostprocessing = 1;
		};
/* End PBXCopyFilesBuildPhase section */

/* Begin PBXFileReference section */
		5602036021D9D96600E8AE8D /* ThreadedBinaryTree.hpp */ = {isa = PBXFileReference; lastKnownFileType = sourcecode.cpp.h; path = ThreadedBinaryTree.hpp; sourceTree = "<group>"; };
		5605FDB121D8D36400E58080 /* BinaryTree.hpp */ = {isa = PBXFileReference; lastKnownFileType = sourcecode.cpp.h; path = BinaryTree.hpp; sourceTree = "<group>"; };
		563940E121EA01490049FE7A /* B+Tree.hpp */ = {isa = PBXFileReference; lastKnownFileType = sourcecode.cpp.h; path = "B+Tree.hpp"; sourceTree = "<group>"; };
		5646CA3421E8EC93007DB010 /* BTree.hpp */ = {isa = PBXFileReference; lastKnownFileType = sourcecode.cpp.h; path = BTree.hpp; sourceTree = "<group>"; };
		567A95D121DB5ED900251E88 /* GraphByAdjMat.hpp */ = {isa = PBXFileReference; lastKnownFileType = sourcecode.cpp.h; path = GraphByAdjMat.hpp; sourceTree = "<group>"; };
		567A95D421DB5EE300251E88 /* GraphByAdjList.hpp */ = {isa = PBXFileReference; lastKnownFileType = sourcecode.cpp.h; path = GraphByAdjList.hpp; sourceTree = "<group>"; };
		567AF1B721D72DCA00F35506 /* UniLinkedList.hpp */ = {isa = PBXFileReference; lastKnownFileType = sourcecode.cpp.h; path = UniLinkedList.hpp; sourceTree = "<group>"; };
		567AF1BA21D72DDB00F35506 /* BiLinkedList.hpp */ = {isa = PBXFileReference; lastKnownFileType = sourcecode.cpp.h; path = BiLinkedList.hpp; sourceTree = "<group>"; };
		56871B9E21E1A77600E26DC9 /* Search.hpp */ = {isa = PBXFileReference; lastKnownFileType = sourcecode.cpp.h; path = Search.hpp; sourceTree = "<group>"; };
		56871BA121E1AC2000E26DC9 /* BinarySearchTree.hpp */ = {isa = PBXFileReference; lastKnownFileType = sourcecode.cpp.h; path = BinarySearchTree.hpp; sourceTree = "<group>"; };
		56B0B2A621D7811E00B3A950 /* Stack.hpp */ = {isa = PBXFileReference; lastKnownFileType = sourcecode.cpp.h; path = Stack.hpp; sourceTree = "<group>"; };
		56B642F021D8775D0069F227 /* String.hpp */ = {isa = PBXFileReference; lastKnownFileType = sourcecode.cpp.h; path = String.hpp; sourceTree = "<group>"; };
		56B642F421D88E270069F227 /* SparseMatrix.hpp */ = {isa = PBXFileReference; lastKnownFileType = sourcecode.cpp.h; path = SparseMatrix.hpp; sourceTree = "<group>"; };
		56C5AB1521D67C0F003B429A /* DataStructureRevision */ = {isa = PBXFileReference; explicitFileType = "compiled.mach-o.executable"; includeInIndex = 0; path = DataStructureRevision; sourceTree = BUILT_PRODUCTS_DIR; };
		56C5AB1821D67C0F003B429A /* main.cpp */ = {isa = PBXFileReference; lastKnownFileType = sourcecode.cpp.cpp; path = main.cpp; sourceTree = "<group>"; };
		56C5AB1F21D67C70003B429A /* README.md */ = {isa = PBXFileReference; fileEncoding = 4; lastKnownFileType = net.daringfireball.markdown; path = README.md; sourceTree = "<group>"; };
		56C5AB3421D68252003B429A /* SequenceListByArray.hpp */ = {isa = PBXFileReference; lastKnownFileType = sourcecode.cpp.h; path = SequenceListByArray.hpp; sourceTree = "<group>"; };
		56C5AB3721D687C9003B429A /* SequenceListByPtr.hpp */ = {isa = PBXFileReference; lastKnownFileType = sourcecode.cpp.h; path = SequenceListByPtr.hpp; sourceTree = "<group>"; };
		56C5AB3921D6973F003B429A /* Student.cpp */ = {isa = PBXFileReference; lastKnownFileType = sourcecode.cpp.cpp; path = Student.cpp; sourceTree = "<group>"; };
		56C5AB3A21D6973F003B429A /* Student.hpp */ = {isa = PBXFileReference; lastKnownFileType = sourcecode.cpp.h; path = Student.hpp; sourceTree = "<group>"; };
		56E64EBE21D79B7A0000D175 /* CircularQueue.hpp */ = {isa = PBXFileReference; lastKnownFileType = sourcecode.cpp.h; path = CircularQueue.hpp; sourceTree = "<group>"; };
		56E64EC121D7A8930000D175 /* Queue.hpp */ = {isa = PBXFileReference; lastKnownFileType = sourcecode.cpp.h; path = Queue.hpp; sourceTree = "<group>"; };
		56EC4ADD21E8352C007A0E2D /* AVLTree.hpp */ = {isa = PBXFileReference; lastKnownFileType = sourcecode.cpp.h; path = AVLTree.hpp; sourceTree = "<group>"; };
/* End PBXFileReference section */

/* Begin PBXFrameworksBuildPhase section */
		56C5AB1221D67C0F003B429A /* Frameworks */ = {
			isa = PBXFrameworksBuildPhase;
			buildActionMask = 2147483647;
			files = (
			);
			runOnlyForDeploymentPostprocessing = 0;
		};
/* End PBXFrameworksBuildPhase section */

/* Begin PBXGroup section */
		5605FDAF21D8D34700E58080 /* Tree */ = {
			isa = PBXGroup;
			children = (
				5605FDB121D8D36400E58080 /* BinaryTree.hpp */,
				5602036021D9D96600E8AE8D /* ThreadedBinaryTree.hpp */,
				56871BA121E1AC2000E26DC9 /* BinarySearchTree.hpp */,
				56EC4ADD21E8352C007A0E2D /* AVLTree.hpp */,
				5646CA3421E8EC93007DB010 /* BTree.hpp */,
				563940E121EA01490049FE7A /* B+Tree.hpp */,
			);
			path = Tree;
			sourceTree = "<group>";
		};
		567A95CF21DB5D5C00251E88 /* Graph */ = {
			isa = PBXGroup;
			children = (
				567A95D121DB5ED900251E88 /* GraphByAdjMat.hpp */,
				567A95D421DB5EE300251E88 /* GraphByAdjList.hpp */,
			);
			path = Graph;
			sourceTree = "<group>";
		};
		567AF1B321D72D9800F35506 /* LinkedList */ = {
			isa = PBXGroup;
			children = (
				567AF1B721D72DCA00F35506 /* UniLinkedList.hpp */,
				567AF1BA21D72DDB00F35506 /* BiLinkedList.hpp */,
			);
			path = LinkedList;
			sourceTree = "<group>";
		};
		56871B9C21E1A76100E26DC9 /* Algorithm */ = {
			isa = PBXGroup;
			children = (
				56871B9E21E1A77600E26DC9 /* Search.hpp */,
			);
			path = Algorithm;
			sourceTree = "<group>";
		};
		56B0B2A421D780CD00B3A950 /* Stack */ = {
			isa = PBXGroup;
			children = (
				56B0B2A621D7811E00B3A950 /* Stack.hpp */,
			);
			path = Stack;
			sourceTree = "<group>";
		};
		56B642EE21D877180069F227 /* String */ = {
			isa = PBXGroup;
			children = (
				56B642F021D8775D0069F227 /* String.hpp */,
			);
			path = String;
			sourceTree = "<group>";
		};
		56B642F221D88DFA0069F227 /* SparseMatrix */ = {
			isa = PBXGroup;
			children = (
				56B642F421D88E270069F227 /* SparseMatrix.hpp */,
			);
			path = SparseMatrix;
			sourceTree = "<group>";
		};
		56C5AB0C21D67C0F003B429A = {
			isa = PBXGroup;
			children = (
				56C5AB1721D67C0F003B429A /* DataStructureRevision */,
				56C5AB1F21D67C70003B429A /* README.md */,
				56C5AB1621D67C0F003B429A /* Products */,
			);
			sourceTree = "<group>";
		};
		56C5AB1621D67C0F003B429A /* Products */ = {
			isa = PBXGroup;
			children = (
				56C5AB1521D67C0F003B429A /* DataStructureRevision */,
			);
			name = Products;
			sourceTree = "<group>";
		};
		56C5AB1721D67C0F003B429A /* DataStructureRevision */ = {
			isa = PBXGroup;
			children = (
				56C5AB3221D681B5003B429A /* SequenceList */,
				567AF1B321D72D9800F35506 /* LinkedList */,
				56B0B2A421D780CD00B3A950 /* Stack */,
				56E64EBC21D79B5B0000D175 /* Queue */,
				56B642EE21D877180069F227 /* String */,
				56B642F221D88DFA0069F227 /* SparseMatrix */,
				5605FDAF21D8D34700E58080 /* Tree */,
				567A95CF21DB5D5C00251E88 /* Graph */,
				56871B9C21E1A76100E26DC9 /* Algorithm */,
				56C5AB3C21D69752003B429A /* Test */,
				56C5AB1821D67C0F003B429A /* main.cpp */,
			);
			path = DataStructureRevision;
			sourceTree = "<group>";
		};
		56C5AB3221D681B5003B429A /* SequenceList */ = {
			isa = PBXGroup;
			children = (
				56C5AB3421D68252003B429A /* SequenceListByArray.hpp */,
				56C5AB3721D687C9003B429A /* SequenceListByPtr.hpp */,
			);
			path = SequenceList;
			sourceTree = "<group>";
		};
		56C5AB3C21D69752003B429A /* Test */ = {
			isa = PBXGroup;
			children = (
				56C5AB3A21D6973F003B429A /* Student.hpp */,
				56C5AB3921D6973F003B429A /* Student.cpp */,
			);
			path = Test;
			sourceTree = "<group>";
		};
		56E64EBC21D79B5B0000D175 /* Queue */ = {
			isa = PBXGroup;
			children = (
				56E64EC121D7A8930000D175 /* Queue.hpp */,
				56E64EBE21D79B7A0000D175 /* CircularQueue.hpp */,
			);
			path = Queue;
			sourceTree = "<group>";
		};
/* End PBXGroup section */

/* Begin PBXNativeTarget section */
		56C5AB1421D67C0F003B429A /* DataStructureRevision */ = {
			isa = PBXNativeTarget;
			buildConfigurationList = 56C5AB1C21D67C0F003B429A /* Build configuration list for PBXNativeTarget "DataStructureRevision" */;
			buildPhases = (
				56C5AB1121D67C0F003B429A /* Sources */,
				56C5AB1221D67C0F003B429A /* Frameworks */,
				56C5AB1321D67C0F003B429A /* CopyFiles */,
			);
			buildRules = (
			);
			dependencies = (
			);
			name = DataStructureRevision;
			productName = DataStructureRevision;
			productReference = 56C5AB1521D67C0F003B429A /* DataStructureRevision */;
			productType = "com.apple.product-type.tool";
		};
/* End PBXNativeTarget section */

/* Begin PBXProject section */
		56C5AB0D21D67C0F003B429A /* Project object */ = {
			isa = PBXProject;
			attributes = {
				LastUpgradeCheck = 1010;
				ORGANIZATIONNAME = "Evian张";
				TargetAttributes = {
					56C5AB1421D67C0F003B429A = {
						CreatedOnToolsVersion = 10.1;
					};
				};
			};
			buildConfigurationList = 56C5AB1021D67C0F003B429A /* Build configuration list for PBXProject "DataStructureRevision" */;
			compatibilityVersion = "Xcode 9.3";
			developmentRegion = en;
			hasScannedForEncodings = 0;
			knownRegions = (
				en,
			);
			mainGroup = 56C5AB0C21D67C0F003B429A;
			productRefGroup = 56C5AB1621D67C0F003B429A /* Products */;
			projectDirPath = "";
			projectRoot = "";
			targets = (
				56C5AB1421D67C0F003B429A /* DataStructureRevision */,
			);
		};
/* End PBXProject section */

/* Begin PBXSourcesBuildPhase section */
		56C5AB1121D67C0F003B429A /* Sources */ = {
			isa = PBXSourcesBuildPhase;
			buildActionMask = 2147483647;
			files = (
				56C5AB1921D67C0F003B429A /* main.cpp in Sources */,
				56C5AB3B21D6973F003B429A /* Student.cpp in Sources */,
			);
			runOnlyForDeploymentPostprocessing = 0;
		};
/* End PBXSourcesBuildPhase section */

/* Begin XCBuildConfiguration section */
		56C5AB1A21D67C0F003B429A /* Debug */ = {
			isa = XCBuildConfiguration;
			buildSettings = {
				ALWAYS_SEARCH_USER_PATHS = NO;
				CLANG_ANALYZER_NONNULL = YES;
				CLANG_ANALYZER_NUMBER_OBJECT_CONVERSION = YES_AGGRESSIVE;
				CLANG_CXX_LANGUAGE_STANDARD = "gnu++14";
				CLANG_CXX_LIBRARY = "libc++";
				CLANG_ENABLE_MODULES = YES;
				CLANG_ENABLE_OBJC_ARC = YES;
				CLANG_ENABLE_OBJC_WEAK = YES;
				CLANG_WARN_BLOCK_CAPTURE_AUTORELEASING = YES;
				CLANG_WARN_BOOL_CONVERSION = YES;
				CLANG_WARN_COMMA = YES;
				CLANG_WARN_CONSTANT_CONVERSION = YES;
				CLANG_WARN_DEPRECATED_OBJC_IMPLEMENTATIONS = YES;
				CLANG_WARN_DIRECT_OBJC_ISA_USAGE = YES_ERROR;
				CLANG_WARN_DOCUMENTATION_COMMENTS = YES;
				CLANG_WARN_EMPTY_BODY = YES;
				CLANG_WARN_ENUM_CONVERSION = YES;
				CLANG_WARN_INFINITE_RECURSION = YES;
				CLANG_WARN_INT_CONVERSION = YES;
				CLANG_WARN_NON_LITERAL_NULL_CONVERSION = YES;
				CLANG_WARN_OBJC_IMPLICIT_RETAIN_SELF = YES;
				CLANG_WARN_OBJC_LITERAL_CONVERSION = YES;
				CLANG_WARN_OBJC_ROOT_CLASS = YES_ERROR;
				CLANG_WARN_RANGE_LOOP_ANALYSIS = YES;
				CLANG_WARN_STRICT_PROTOTYPES = YES;
				CLANG_WARN_SUSPICIOUS_MOVE = YES;
				CLANG_WARN_UNGUARDED_AVAILABILITY = YES_AGGRESSIVE;
				CLANG_WARN_UNREACHABLE_CODE = YES;
				CLANG_WARN__DUPLICATE_METHOD_MATCH = YES;
				CODE_SIGN_IDENTITY = "Mac Developer";
				COPY_PHASE_STRIP = NO;
				DEBUG_INFORMATION_FORMAT = dwarf;
				ENABLE_STRICT_OBJC_MSGSEND = YES;
				ENABLE_TESTABILITY = YES;
				GCC_C_LANGUAGE_STANDARD = gnu11;
				GCC_DYNAMIC_NO_PIC = NO;
				GCC_NO_COMMON_BLOCKS = YES;
				GCC_OPTIMIZATION_LEVEL = 0;
				GCC_PREPROCESSOR_DEFINITIONS = (
					"DEBUG=1",
					"$(inherited)",
				);
				GCC_WARN_64_TO_32_BIT_CONVERSION = YES;
				GCC_WARN_ABOUT_RETURN_TYPE = YES_ERROR;
				GCC_WARN_UNDECLARED_SELECTOR = YES;
				GCC_WARN_UNINITIALIZED_AUTOS = YES_AGGRESSIVE;
				GCC_WARN_UNUSED_FUNCTION = YES;
				GCC_WARN_UNUSED_VARIABLE = YES;
				MACOSX_DEPLOYMENT_TARGET = 10.14;
				MTL_ENABLE_DEBUG_INFO = INCLUDE_SOURCE;
				MTL_FAST_MATH = YES;
				ONLY_ACTIVE_ARCH = YES;
				SDKROOT = macosx;
			};
			name = Debug;
		};
		56C5AB1B21D67C0F003B429A /* Release */ = {
			isa = XCBuildConfiguration;
			buildSettings = {
				ALWAYS_SEARCH_USER_PATHS = NO;
				CLANG_ANALYZER_NONNULL = YES;
				CLANG_ANALYZER_NUMBER_OBJECT_CONVERSION = YES_AGGRESSIVE;
				CLANG_CXX_LANGUAGE_STANDARD = "gnu++14";
				CLANG_CXX_LIBRARY = "libc++";
				CLANG_ENABLE_MODULES = YES;
				CLANG_ENABLE_OBJC_ARC = YES;
				CLANG_ENABLE_OBJC_WEAK = YES;
				CLANG_WARN_BLOCK_CAPTURE_AUTORELEASING = YES;
				CLANG_WARN_BOOL_CONVERSION = YES;
				CLANG_WARN_COMMA = YES;
				CLANG_WARN_CONSTANT_CONVERSION = YES;
				CLANG_WARN_DEPRECATED_OBJC_IMPLEMENTATIONS = YES;
				CLANG_WARN_DIRECT_OBJC_ISA_USAGE = YES_ERROR;
				CLANG_WARN_DOCUMENTATION_COMMENTS = YES;
				CLANG_WARN_EMPTY_BODY = YES;
				CLANG_WARN_ENUM_CONVERSION = YES;
				CLANG_WARN_INFINITE_RECURSION = YES;
				CLANG_WARN_INT_CONVERSION = YES;
				CLANG_WARN_NON_LITERAL_NULL_CONVERSION = YES;
				CLANG_WARN_OBJC_IMPLICIT_RETAIN_SELF = YES;
				CLANG_WARN_OBJC_LITERAL_CONVERSION = YES;
				CLANG_WARN_OBJC_ROOT_CLASS = YES_ERROR;
				CLANG_WARN_RANGE_LOOP_ANALYSIS = YES;
				CLANG_WARN_STRICT_PROTOTYPES = YES;
				CLANG_WARN_SUSPICIOUS_MOVE = YES;
				CLANG_WARN_UNGUARDED_AVAILABILITY = YES_AGGRESSIVE;
				CLANG_WARN_UNREACHABLE_CODE = YES;
				CLANG_WARN__DUPLICATE_METHOD_MATCH = YES;
				CODE_SIGN_IDENTITY = "Mac Developer";
				COPY_PHASE_STRIP = NO;
				DEBUG_INFORMATION_FORMAT = "dwarf-with-dsym";
				ENABLE_NS_ASSERTIONS = NO;
				ENABLE_STRICT_OBJC_MSGSEND = YES;
				GCC_C_LANGUAGE_STANDARD = gnu11;
				GCC_NO_COMMON_BLOCKS = YES;
				GCC_WARN_64_TO_32_BIT_CONVERSION = YES;
				GCC_WARN_ABOUT_RETURN_TYPE = YES_ERROR;
				GCC_WARN_UNDECLARED_SELECTOR = YES;
				GCC_WARN_UNINITIALIZED_AUTOS = YES_AGGRESSIVE;
				GCC_WARN_UNUSED_FUNCTION = YES;
				GCC_WARN_UNUSED_VARIABLE = YES;
				MACOSX_DEPLOYMENT_TARGET = 10.14;
				MTL_ENABLE_DEBUG_INFO = NO;
				MTL_FAST_MATH = YES;
				SDKROOT = macosx;
			};
			name = Release;
		};
		56C5AB1D21D67C0F003B429A /* Debug */ = {
			isa = XCBuildConfiguration;
			buildSettings = {
				CODE_SIGN_STYLE = Automatic;
				DEVELOPMENT_TEAM = C9474Z9GXV;
				PRODUCT_NAME = "$(TARGET_NAME)";
			};
			name = Debug;
		};
		56C5AB1E21D67C0F003B429A /* Release */ = {
			isa = XCBuildConfiguration;
			buildSettings = {
				CODE_SIGN_STYLE = Automatic;
				DEVELOPMENT_TEAM = C9474Z9GXV;
				PRODUCT_NAME = "$(TARGET_NAME)";
			};
			name = Release;
		};
/* End XCBuildConfiguration section */

/* Begin XCConfigurationList section */
		56C5AB1021D67C0F003B429A /* Build configuration list for PBXProject "DataStructureRevision" */ = {
			isa = XCConfigurationList;
			buildConfigurations = (
				56C5AB1A21D67C0F003B429A /* Debug */,
				56C5AB1B21D67C0F003B429A /* Release */,
			);
			defaultConfigurationIsVisible = 0;
			defaultConfigurationName = Debug;
		};
		56C5AB1C21D67C0F003B429A /* Build configuration list for PBXNativeTarget "DataStructureRevision" */ = {
			isa = XCConfigurationList;
			buildConfigurations = (
				56C5AB1D21D67C0F003B429A /* Debug */,
				56C5AB1E21D67C0F003B429A /* Release */,
			);
			defaultConfigurationIsVisible = 0;
			defaultConfigurationName = Debug;
		};
/* End XCConfigurationList section */
	};
	rootObject = 56C5AB0D21D67C0F003B429A /* Project object */;
}
